// !$*UTF8*$!
{
	archiveVersion = 1;
	classes = {
	};
	objectVersion = 46;
	objects = {

/* Begin PBXBuildFile section */
		69FDBEFA1DAE388E00B597B3 /* main.cpp in Sources */ = {isa = PBXBuildFile; fileRef = 69FDBEF91DAE388E00B597B3 /* main.cpp */; };
		69FDBF021DAE38DE00B597B3 /* SDL2.framework in Frameworks */ = {isa = PBXBuildFile; fileRef = 69FDBF011DAE38DE00B597B3 /* SDL2.framework */; };
/* End PBXBuildFile section */

/* Begin PBXCopyFilesBuildPhase section */
		69FDBEF41DAE388D00B597B3 /* CopyFiles */ = {
			isa = PBXCopyFilesBuildPhase;
			buildActionMask = 2147483647;
			dstPath = /usr/share/man/man1/;
			dstSubfolderSpec = 0;
			files = (
			);
			runOnlyForDeploymentPostprocessing = 1;
		};
/* End PBXCopyFilesBuildPhase section */

/* Begin PBXFileReference section */
		69B5C1CB1DAF3E6C00D9E654 /* down.bmp */ = {isa = PBXFileReference; lastKnownFileType = image.bmp; name = down.bmp; path = WorkingDirectory/down.bmp; sourceTree = "<group>"; };
		69B5C1CC1DAF3E6C00D9E654 /* hello_world.bmp */ = {isa = PBXFileReference; lastKnownFileType = image.bmp; name = hello_world.bmp; path = WorkingDirectory/hello_world.bmp; sourceTree = "<group>"; };
		69B5C1CD1DAF3E6C00D9E654 /* left.bmp */ = {isa = PBXFileReference; lastKnownFileType = image.bmp; name = left.bmp; path = WorkingDirectory/left.bmp; sourceTree = "<group>"; };
		69B5C1CE1DAF3E6C00D9E654 /* press.bmp */ = {isa = PBXFileReference; lastKnownFileType = image.bmp; name = press.bmp; path = WorkingDirectory/press.bmp; sourceTree = "<group>"; };
		69B5C1CF1DAF3E6C00D9E654 /* right.bmp */ = {isa = PBXFileReference; lastKnownFileType = image.bmp; name = right.bmp; path = WorkingDirectory/right.bmp; sourceTree = "<group>"; };
		69B5C1D01DAF3E6C00D9E654 /* up.bmp */ = {isa = PBXFileReference; lastKnownFileType = image.bmp; name = up.bmp; path = WorkingDirectory/up.bmp; sourceTree = "<group>"; };
		69FDBEF61DAE388E00B597B3 /* CosmicSDL */ = {isa = PBXFileReference; explicitFileType = "compiled.mach-o.executable"; includeInIndex = 0; path = CosmicSDL; sourceTree = BUILT_PRODUCTS_DIR; };
		69FDBEF91DAE388E00B597B3 /* main.cpp */ = {isa = PBXFileReference; lastKnownFileType = sourcecode.cpp.cpp; path = main.cpp; sourceTree = "<group>"; };
		69FDBF011DAE38DE00B597B3 /* SDL2.framework */ = {isa = PBXFileReference; lastKnownFileType = wrapper.framework; name = SDL2.framework; path = ../../../../../Library/Frameworks/SDL2.framework; sourceTree = "<group>"; };
/* End PBXFileReference section */

/* Begin PBXFrameworksBuildPhase section */
		69FDBEF31DAE388D00B597B3 /* Frameworks */ = {
			isa = PBXFrameworksBuildPhase;
			buildActionMask = 2147483647;
			files = (
				69FDBF021DAE38DE00B597B3 /* SDL2.framework in Frameworks */,
			);
			runOnlyForDeploymentPostprocessing = 0;
		};
/* End PBXFrameworksBuildPhase section */

/* Begin PBXGroup section */
		69B5C1D11DAF3E7400D9E654 /* Assets */ = {
			isa = PBXGroup;
			children = (
				69B5C1CB1DAF3E6C00D9E654 /* down.bmp */,
				69B5C1CC1DAF3E6C00D9E654 /* hello_world.bmp */,
				69B5C1CD1DAF3E6C00D9E654 /* left.bmp */,
				69B5C1CE1DAF3E6C00D9E654 /* press.bmp */,
				69B5C1CF1DAF3E6C00D9E654 /* right.bmp */,
				69B5C1D01DAF3E6C00D9E654 /* up.bmp */,
			);
			name = Assets;
			sourceTree = "<group>";
		};
		69FDBEED1DAE388D00B597B3 = {
			isa = PBXGroup;
			children = (
				69B5C1D11DAF3E7400D9E654 /* Assets */,
				69FDBEF81DAE388E00B597B3 /* CosmicSDL */,
				69FDBEF71DAE388E00B597B3 /* Products */,
				69FDBF001DAE38DE00B597B3 /* Frameworks */,
			);
			sourceTree = "<group>";
		};
		69FDBEF71DAE388E00B597B3 /* Products */ = {
			isa = PBXGroup;
			children = (
				69FDBEF61DAE388E00B597B3 /* CosmicSDL */,
			);
			name = Products;
			sourceTree = "<group>";
		};
		69FDBEF81DAE388E00B597B3 /* CosmicSDL */ = {
			isa = PBXGroup;
			children = (
				69FDBEF91DAE388E00B597B3 /* main.cpp */,
			);
			path = CosmicSDL;
			sourceTree = "<group>";
		};
		69FDBF001DAE38DE00B597B3 /* Frameworks */ = {
			isa = PBXGroup;
			children = (
				69FDBF011DAE38DE00B597B3 /* SDL2.framework */,
			);
			name = Frameworks;
			sourceTree = "<group>";
		};
/* End PBXGroup section */

/* Begin PBXNativeTarget section */
		69FDBEF51DAE388D00B597B3 /* CosmicSDL */ = {
			isa = PBXNativeTarget;
			buildConfigurationList = 69FDBEFD1DAE388E00B597B3 /* Build configuration list for PBXNativeTarget "CosmicSDL" */;
			buildPhases = (
				69FDBEF21DAE388D00B597B3 /* Sources */,
				69FDBEF31DAE388D00B597B3 /* Frameworks */,
				69FDBEF41DAE388D00B597B3 /* CopyFiles */,
			);
			buildRules = (
			);
			dependencies = (
			);
			name = CosmicSDL;
			productName = CosmicSDL;
			productReference = 69FDBEF61DAE388E00B597B3 /* CosmicSDL */;
			productType = "com.apple.product-type.tool";
		};
/* End PBXNativeTarget section */

/* Begin PBXProject section */
		69FDBEEE1DAE388D00B597B3 /* Project object */ = {
			isa = PBXProject;
			attributes = {
				LastUpgradeCheck = 0800;
				ORGANIZATIONNAME = "L's Studio";
				TargetAttributes = {
					69FDBEF51DAE388D00B597B3 = {
						CreatedOnToolsVersion = 8.0;
						ProvisioningStyle = Automatic;
					};
				};
			};
			buildConfigurationList = 69FDBEF11DAE388D00B597B3 /* Build configuration list for PBXProject "CosmicSDL" */;
			compatibilityVersion = "Xcode 3.2";
			developmentRegion = English;
			hasScannedForEncodings = 0;
			knownRegions = (
				en,
			);
			mainGroup = 69FDBEED1DAE388D00B597B3;
			productRefGroup = 69FDBEF71DAE388E00B597B3 /* Products */;
			projectDirPath = "";
			projectRoot = "";
			targets = (
				69FDBEF51DAE388D00B597B3 /* CosmicSDL */,
			);
		};
/* End PBXProject section */

/* Begin PBXSourcesBuildPhase section */
		69FDBEF21DAE388D00B597B3 /* Sources */ = {
			isa = PBXSourcesBuildPhase;
			buildActionMask = 2147483647;
			files = (
				69FDBEFA1DAE388E00B597B3 /* main.cpp in Sources */,
			);
			runOnlyForDeploymentPostprocessing = 0;
		};
/* End PBXSourcesBuildPhase section */

/* Begin XCBuildConfiguration section */
		69FDBEFB1DAE388E00B597B3 /* Debug */ = {
			isa = XCBuildConfiguration;
			buildSettings = {
				ALWAYS_SEARCH_USER_PATHS = NO;
				CLANG_ANALYZER_NONNULL = YES;
				CLANG_CXX_LANGUAGE_STANDARD = "gnu++0x";
				CLANG_CXX_LIBRARY = "libc++";
				CLANG_ENABLE_MODULES = YES;
				CLANG_ENABLE_OBJC_ARC = YES;
				CLANG_WARN_BOOL_CONVERSION = YES;
				CLANG_WARN_CONSTANT_CONVERSION = YES;
				CLANG_WARN_DIRECT_OBJC_ISA_USAGE = YES_ERROR;
				CLANG_WARN_DOCUMENTATION_COMMENTS = YES;
				CLANG_WARN_EMPTY_BODY = YES;
				CLANG_WARN_ENUM_CONVERSION = YES;
				CLANG_WARN_INFINITE_RECURSION = YES;
				CLANG_WARN_INT_CONVERSION = YES;
				CLANG_WARN_OBJC_ROOT_CLASS = YES_ERROR;
				CLANG_WARN_SUSPICIOUS_MOVES = YES;
				CLANG_WARN_UNREACHABLE_CODE = YES;
				CLANG_WARN__DUPLICATE_METHOD_MATCH = YES;
				CODE_SIGN_IDENTITY = "-";
				COPY_PHASE_STRIP = NO;
				DEBUG_INFORMATION_FORMAT = dwarf;
				ENABLE_STRICT_OBJC_MSGSEND = YES;
				ENABLE_TESTABILITY = YES;
				GCC_C_LANGUAGE_STANDARD = gnu99;
				GCC_DYNAMIC_NO_PIC = NO;
				GCC_NO_COMMON_BLOCKS = YES;
				GCC_OPTIMIZATION_LEVEL = 0;
				GCC_PREPROCESSOR_DEFINITIONS = (
					"DEBUG=1",
					"$(inherited)",
				);
				GCC_WARN_64_TO_32_BIT_CONVERSION = YES;
				GCC_WARN_ABOUT_RETURN_TYPE = YES_ERROR;
				GCC_WARN_UNDECLARED_SELECTOR = YES;
				GCC_WARN_UNINITIALIZED_AUTOS = YES_AGGRESSIVE;
				GCC_WARN_UNUSED_FUNCTION = YES;
				GCC_WARN_UNUSED_VARIABLE = YES;
				MACOSX_DEPLOYMENT_TARGET = 10.12;
				MTL_ENABLE_DEBUG_INFO = YES;
				ONLY_ACTIVE_ARCH = YES;
				SDKROOT = macosx;
			};
			name = Debug;
		};
		69FDBEFC1DAE388E00B597B3 /* Release */ = {
			isa = XCBuildConfiguration;
			buildSettings = {
				ALWAYS_SEARCH_USER_PATHS = NO;
				CLANG_ANALYZER_NONNULL = YES;
				CLANG_CXX_LANGUAGE_STANDARD = "gnu++0x";
				CLANG_CXX_LIBRARY = "libc++";
				CLANG_ENABLE_MODULES = YES;
				CLANG_ENABLE_OBJC_ARC = YES;
				CLANG_WARN_BOOL_CONVERSION = YES;
				CLANG_WARN_CONSTANT_CONVERSION = YES;
				CLANG_WARN_DIRECT_OBJC_ISA_USAGE = YES_ERROR;
				CLANG_WARN_DOCUMENTATION_COMMENTS = YES;
				CLANG_WARN_EMPTY_BODY = YES;
				CLANG_WARN_ENUM_CONVERSION = YES;
				CLANG_WARN_INFINITE_RECURSION = YES;
				CLANG_WARN_INT_CONVERSION = YES;
				CLANG_WARN_OBJC_ROOT_CLASS = YES_ERROR;
				CLANG_WARN_SUSPICIOUS_MOVES = YES;
				CLANG_WARN_UNREACHABLE_CODE = YES;
				CLANG_WARN__DUPLICATE_METHOD_MATCH = YES;
				CODE_SIGN_IDENTITY = "-";
				COPY_PHASE_STRIP = NO;
				DEBUG_INFORMATION_FORMAT = "dwarf-with-dsym";
				ENABLE_NS_ASSERTIONS = NO;
				ENABLE_STRICT_OBJC_MSGSEND = YES;
				GCC_C_LANGUAGE_STANDARD = gnu99;
				GCC_NO_COMMON_BLOCKS = YES;
				GCC_WARN_64_TO_32_BIT_CONVERSION = YES;
				GCC_WARN_ABOUT_RETURN_TYPE = YES_ERROR;
				GCC_WARN_UNDECLARED_SELECTOR = YES;
				GCC_WARN_UNINITIALIZED_AUTOS = YES_AGGRESSIVE;
				GCC_WARN_UNUSED_FUNCTION = YES;
				GCC_WARN_UNUSED_VARIABLE = YES;
				MACOSX_DEPLOYMENT_TARGET = 10.12;
				MTL_ENABLE_DEBUG_INFO = NO;
				SDKROOT = macosx;
			};
			name = Release;
		};
		69FDBEFE1DAE388E00B597B3 /* Debug */ = {
			isa = XCBuildConfiguration;
			buildSettings = {
				FRAMEWORK_SEARCH_PATHS = (
					"$(inherited)",
					"$(LOCAL_LIBRARY_DIR)/Frameworks",
				);
				PRODUCT_NAME = "$(TARGET_NAME)";
			};
			name = Debug;
		};
		69FDBEFF1DAE388E00B597B3 /* Release */ = {
			isa = XCBuildConfiguration;
			buildSettings = {
				FRAMEWORK_SEARCH_PATHS = (
					"$(inherited)",
					"$(LOCAL_LIBRARY_DIR)/Frameworks",
				);
				PRODUCT_NAME = "$(TARGET_NAME)";
			};
			name = Release;
		};
/* End XCBuildConfiguration section */

/* Begin XCConfigurationList section */
		69FDBEF11DAE388D00B597B3 /* Build configuration list for PBXProject "CosmicSDL" */ = {
			isa = XCConfigurationList;
			buildConfigurations = (
				69FDBEFB1DAE388E00B597B3 /* Debug */,
				69FDBEFC1DAE388E00B597B3 /* Release */,
			);
			defaultConfigurationIsVisible = 0;
			defaultConfigurationName = Release;
		};
		69FDBEFD1DAE388E00B597B3 /* Build configuration list for PBXNativeTarget "CosmicSDL" */ = {
			isa = XCConfigurationList;
			buildConfigurations = (
				69FDBEFE1DAE388E00B597B3 /* Debug */,
				69FDBEFF1DAE388E00B597B3 /* Release */,
			);
			defaultConfigurationIsVisible = 0;
			defaultConfigurationName = Release;
		};
/* End XCConfigurationList section */
	};
	rootObject = 69FDBEEE1DAE388D00B597B3 /* Project object */;
}
